// !$*UTF8*$!
{
	archiveVersion = 1;
	classes = {
	};
	objectVersion = 50;
	objects = {

/* Begin PBXBuildFile section */
		960DE55F2523E84A003C724F /* AppDelegate.swift in Sources */ = {isa = PBXBuildFile; fileRef = 960DE55E2523E84A003C724F /* AppDelegate.swift */; };
		960DE5612523E84A003C724F /* SceneDelegate.swift in Sources */ = {isa = PBXBuildFile; fileRef = 960DE5602523E84A003C724F /* SceneDelegate.swift */; };
		960DE5632523E84A003C724F /* ContentView.swift in Sources */ = {isa = PBXBuildFile; fileRef = 960DE5622523E84A003C724F /* ContentView.swift */; };
		960DE5652523E84C003C724F /* Assets.xcassets in Resources */ = {isa = PBXBuildFile; fileRef = 960DE5642523E84C003C724F /* Assets.xcassets */; };
		960DE5682523E84C003C724F /* Preview Assets.xcassets in Resources */ = {isa = PBXBuildFile; fileRef = 960DE5672523E84C003C724F /* Preview Assets.xcassets */; };
		960DE56B2523E84C003C724F /* LaunchScreen.storyboard in Resources */ = {isa = PBXBuildFile; fileRef = 960DE5692523E84C003C724F /* LaunchScreen.storyboard */; };
		960DE5762523E84C003C724F /* Theory_WheelTests.swift in Sources */ = {isa = PBXBuildFile; fileRef = 960DE5752523E84C003C724F /* Theory_WheelTests.swift */; };
		960DE5812523E84C003C724F /* Theory_WheelUITests.swift in Sources */ = {isa = PBXBuildFile; fileRef = 960DE5802523E84C003C724F /* Theory_WheelUITests.swift */; };
		960DE5932523E878003C724F /* Functionality.swift in Sources */ = {isa = PBXBuildFile; fileRef = 960DE5922523E878003C724F /* Functionality.swift */; };
/* End PBXBuildFile section */

/* Begin PBXContainerItemProxy section */
		960DE5722523E84C003C724F /* PBXContainerItemProxy */ = {
			isa = PBXContainerItemProxy;
			containerPortal = 960DE5532523E849003C724F /* Project object */;
			proxyType = 1;
			remoteGlobalIDString = 960DE55A2523E849003C724F;
			remoteInfo = "Theory Wheel";
		};
		960DE57D2523E84C003C724F /* PBXContainerItemProxy */ = {
			isa = PBXContainerItemProxy;
			containerPortal = 960DE5532523E849003C724F /* Project object */;
			proxyType = 1;
			remoteGlobalIDString = 960DE55A2523E849003C724F;
			remoteInfo = "Theory Wheel";
		};
/* End PBXContainerItemProxy section */

/* Begin PBXFileReference section */
		960DE55B2523E84A003C724F /* Theory Wheel.app */ = {isa = PBXFileReference; explicitFileType = wrapper.application; includeInIndex = 0; path = "Theory Wheel.app"; sourceTree = BUILT_PRODUCTS_DIR; };
		960DE55E2523E84A003C724F /* AppDelegate.swift */ = {isa = PBXFileReference; lastKnownFileType = sourcecode.swift; path = AppDelegate.swift; sourceTree = "<group>"; };
		960DE5602523E84A003C724F /* SceneDelegate.swift */ = {isa = PBXFileReference; lastKnownFileType = sourcecode.swift; path = SceneDelegate.swift; sourceTree = "<group>"; };
		960DE5622523E84A003C724F /* ContentView.swift */ = {isa = PBXFileReference; lastKnownFileType = sourcecode.swift; path = ContentView.swift; sourceTree = "<group>"; };
		960DE5642523E84C003C724F /* Assets.xcassets */ = {isa = PBXFileReference; lastKnownFileType = folder.assetcatalog; path = Assets.xcassets; sourceTree = "<group>"; };
		960DE5672523E84C003C724F /* Preview Assets.xcassets */ = {isa = PBXFileReference; lastKnownFileType = folder.assetcatalog; path = "Preview Assets.xcassets"; sourceTree = "<group>"; };
		960DE56A2523E84C003C724F /* Base */ = {isa = PBXFileReference; lastKnownFileType = file.storyboard; name = Base; path = Base.lproj/LaunchScreen.storyboard; sourceTree = "<group>"; };
		960DE56C2523E84C003C724F /* Info.plist */ = {isa = PBXFileReference; lastKnownFileType = text.plist.xml; path = Info.plist; sourceTree = "<group>"; };
		960DE5712523E84C003C724F /* Theory WheelTests.xctest */ = {isa = PBXFileReference; explicitFileType = wrapper.cfbundle; includeInIndex = 0; path = "Theory WheelTests.xctest"; sourceTree = BUILT_PRODUCTS_DIR; };
		960DE5752523E84C003C724F /* Theory_WheelTests.swift */ = {isa = PBXFileReference; lastKnownFileType = sourcecode.swift; path = Theory_WheelTests.swift; sourceTree = "<group>"; };
		960DE5772523E84C003C724F /* Info.plist */ = {isa = PBXFileReference; lastKnownFileType = text.plist.xml; path = Info.plist; sourceTree = "<group>"; };
		960DE57C2523E84C003C724F /* Theory WheelUITests.xctest */ = {isa = PBXFileReference; explicitFileType = wrapper.cfbundle; includeInIndex = 0; path = "Theory WheelUITests.xctest"; sourceTree = BUILT_PRODUCTS_DIR; };
		960DE5802523E84C003C724F /* Theory_WheelUITests.swift */ = {isa = PBXFileReference; lastKnownFileType = sourcecode.swift; path = Theory_WheelUITests.swift; sourceTree = "<group>"; };
		960DE5822523E84C003C724F /* Info.plist */ = {isa = PBXFileReference; lastKnownFileType = text.plist.xml; path = Info.plist; sourceTree = "<group>"; };
		960DE5922523E878003C724F /* Functionality.swift */ = {isa = PBXFileReference; lastKnownFileType = sourcecode.swift; path = Functionality.swift; sourceTree = "<group>"; };
/* End PBXFileReference section */

/* Begin PBXFrameworksBuildPhase section */
		960DE5582523E849003C724F /* Frameworks */ = {
			isa = PBXFrameworksBuildPhase;
			buildActionMask = 2147483647;
			files = (
			);
			runOnlyForDeploymentPostprocessing = 0;
		};
		960DE56E2523E84C003C724F /* Frameworks */ = {
			isa = PBXFrameworksBuildPhase;
			buildActionMask = 2147483647;
			files = (
			);
			runOnlyForDeploymentPostprocessing = 0;
		};
		960DE5792523E84C003C724F /* Frameworks */ = {
			isa = PBXFrameworksBuildPhase;
			buildActionMask = 2147483647;
			files = (
			);
			runOnlyForDeploymentPostprocessing = 0;
		};
/* End PBXFrameworksBuildPhase section */

/* Begin PBXGroup section */
		960DE5522523E849003C724F = {
			isa = PBXGroup;
			children = (
				960DE55D2523E84A003C724F /* Theory Wheel */,
				960DE5742523E84C003C724F /* Theory WheelTests */,
				960DE57F2523E84C003C724F /* Theory WheelUITests */,
				960DE55C2523E84A003C724F /* Products */,
			);
			sourceTree = "<group>";
		};
		960DE55C2523E84A003C724F /* Products */ = {
			isa = PBXGroup;
			children = (
				960DE55B2523E84A003C724F /* Theory Wheel.app */,
				960DE5712523E84C003C724F /* Theory WheelTests.xctest */,
				960DE57C2523E84C003C724F /* Theory WheelUITests.xctest */,
			);
			name = Products;
			sourceTree = "<group>";
		};
		960DE55D2523E84A003C724F /* Theory Wheel */ = {
			isa = PBXGroup;
			children = (
				960DE55E2523E84A003C724F /* AppDelegate.swift */,
				960DE5602523E84A003C724F /* SceneDelegate.swift */,
				960DE5622523E84A003C724F /* ContentView.swift */,
				960DE5912523E864003C724F /* Notes */,
				960DE5642523E84C003C724F /* Assets.xcassets */,
				960DE5692523E84C003C724F /* LaunchScreen.storyboard */,
				960DE56C2523E84C003C724F /* Info.plist */,
				960DE5662523E84C003C724F /* Preview Content */,
			);
			path = "Theory Wheel";
			sourceTree = "<group>";
		};
		960DE5662523E84C003C724F /* Preview Content */ = {
			isa = PBXGroup;
			children = (
				960DE5672523E84C003C724F /* Preview Assets.xcassets */,
			);
			path = "Preview Content";
			sourceTree = "<group>";
		};
		960DE5742523E84C003C724F /* Theory WheelTests */ = {
			isa = PBXGroup;
			children = (
				960DE5752523E84C003C724F /* Theory_WheelTests.swift */,
				960DE5772523E84C003C724F /* Info.plist */,
			);
			path = "Theory WheelTests";
			sourceTree = "<group>";
		};
		960DE57F2523E84C003C724F /* Theory WheelUITests */ = {
			isa = PBXGroup;
			children = (
				960DE5802523E84C003C724F /* Theory_WheelUITests.swift */,
				960DE5822523E84C003C724F /* Info.plist */,
			);
			path = "Theory WheelUITests";
			sourceTree = "<group>";
		};
		960DE5912523E864003C724F /* Notes */ = {
			isa = PBXGroup;
			children = (
				960DE5922523E878003C724F /* Functionality.swift */,
			);
			path = Notes;
			sourceTree = "<group>";
		};
/* End PBXGroup section */

/* Begin PBXNativeTarget section */
		960DE55A2523E849003C724F /* Theory Wheel */ = {
			isa = PBXNativeTarget;
			buildConfigurationList = 960DE5852523E84C003C724F /* Build configuration list for PBXNativeTarget "Theory Wheel" */;
			buildPhases = (
				960DE5572523E849003C724F /* Sources */,
				960DE5582523E849003C724F /* Frameworks */,
				960DE5592523E849003C724F /* Resources */,
			);
			buildRules = (
			);
			dependencies = (
			);
			name = "Theory Wheel";
			productName = "Theory Wheel";
			productReference = 960DE55B2523E84A003C724F /* Theory Wheel.app */;
			productType = "com.apple.product-type.application";
		};
		960DE5702523E84C003C724F /* Theory WheelTests */ = {
			isa = PBXNativeTarget;
			buildConfigurationList = 960DE5882523E84C003C724F /* Build configuration list for PBXNativeTarget "Theory WheelTests" */;
			buildPhases = (
				960DE56D2523E84C003C724F /* Sources */,
				960DE56E2523E84C003C724F /* Frameworks */,
				960DE56F2523E84C003C724F /* Resources */,
			);
			buildRules = (
			);
			dependencies = (
				960DE5732523E84C003C724F /* PBXTargetDependency */,
			);
			name = "Theory WheelTests";
			productName = "Theory WheelTests";
			productReference = 960DE5712523E84C003C724F /* Theory WheelTests.xctest */;
			productType = "com.apple.product-type.bundle.unit-test";
		};
		960DE57B2523E84C003C724F /* Theory WheelUITests */ = {
			isa = PBXNativeTarget;
			buildConfigurationList = 960DE58B2523E84C003C724F /* Build configuration list for PBXNativeTarget "Theory WheelUITests" */;
			buildPhases = (
				960DE5782523E84C003C724F /* Sources */,
				960DE5792523E84C003C724F /* Frameworks */,
				960DE57A2523E84C003C724F /* Resources */,
			);
			buildRules = (
			);
			dependencies = (
				960DE57E2523E84C003C724F /* PBXTargetDependency */,
			);
			name = "Theory WheelUITests";
			productName = "Theory WheelUITests";
			productReference = 960DE57C2523E84C003C724F /* Theory WheelUITests.xctest */;
			productType = "com.apple.product-type.bundle.ui-testing";
		};
/* End PBXNativeTarget section */

/* Begin PBXProject section */
		960DE5532523E849003C724F /* Project object */ = {
			isa = PBXProject;
			attributes = {
				LastSwiftUpdateCheck = 1200;
				LastUpgradeCheck = 1200;
				TargetAttributes = {
					960DE55A2523E849003C724F = {
						CreatedOnToolsVersion = 12.0.1;
					};
					960DE5702523E84C003C724F = {
						CreatedOnToolsVersion = 12.0.1;
						TestTargetID = 960DE55A2523E849003C724F;
					};
					960DE57B2523E84C003C724F = {
						CreatedOnToolsVersion = 12.0.1;
						TestTargetID = 960DE55A2523E849003C724F;
					};
				};
			};
			buildConfigurationList = 960DE5562523E849003C724F /* Build configuration list for PBXProject "Theory Wheel" */;
			compatibilityVersion = "Xcode 9.3";
			developmentRegion = en;
			hasScannedForEncodings = 0;
			knownRegions = (
				en,
				Base,
			);
			mainGroup = 960DE5522523E849003C724F;
			productRefGroup = 960DE55C2523E84A003C724F /* Products */;
			projectDirPath = "";
			projectRoot = "";
			targets = (
				960DE55A2523E849003C724F /* Theory Wheel */,
				960DE5702523E84C003C724F /* Theory WheelTests */,
				960DE57B2523E84C003C724F /* Theory WheelUITests */,
			);
		};
/* End PBXProject section */

/* Begin PBXResourcesBuildPhase section */
		960DE5592523E849003C724F /* Resources */ = {
			isa = PBXResourcesBuildPhase;
			buildActionMask = 2147483647;
			files = (
				960DE56B2523E84C003C724F /* LaunchScreen.storyboard in Resources */,
				960DE5682523E84C003C724F /* Preview Assets.xcassets in Resources */,
				960DE5652523E84C003C724F /* Assets.xcassets in Resources */,
			);
			runOnlyForDeploymentPostprocessing = 0;
		};
		960DE56F2523E84C003C724F /* Resources */ = {
			isa = PBXResourcesBuildPhase;
			buildActionMask = 2147483647;
			files = (
			);
			runOnlyForDeploymentPostprocessing = 0;
		};
		960DE57A2523E84C003C724F /* Resources */ = {
			isa = PBXResourcesBuildPhase;
			buildActionMask = 2147483647;
			files = (
			);
			runOnlyForDeploymentPostprocessing = 0;
		};
/* End PBXResourcesBuildPhase section */

/* Begin PBXSourcesBuildPhase section */
		960DE5572523E849003C724F /* Sources */ = {
			isa = PBXSourcesBuildPhase;
			buildActionMask = 2147483647;
			files = (
				960DE55F2523E84A003C724F /* AppDelegate.swift in Sources */,
				960DE5612523E84A003C724F /* SceneDelegate.swift in Sources */,
				960DE5632523E84A003C724F /* ContentView.swift in Sources */,
				960DE5932523E878003C724F /* Functionality.swift in Sources */,
			);
			runOnlyForDeploymentPostprocessing = 0;
		};
		960DE56D2523E84C003C724F /* Sources */ = {
			isa = PBXSourcesBuildPhase;
			buildActionMask = 2147483647;
			files = (
				960DE5762523E84C003C724F /* Theory_WheelTests.swift in Sources */,
			);
			runOnlyForDeploymentPostprocessing = 0;
		};
		960DE5782523E84C003C724F /* Sources */ = {
			isa = PBXSourcesBuildPhase;
			buildActionMask = 2147483647;
			files = (
				960DE5812523E84C003C724F /* Theory_WheelUITests.swift in Sources */,
			);
			runOnlyForDeploymentPostprocessing = 0;
		};
/* End PBXSourcesBuildPhase section */

/* Begin PBXTargetDependency section */
		960DE5732523E84C003C724F /* PBXTargetDependency */ = {
			isa = PBXTargetDependency;
			target = 960DE55A2523E849003C724F /* Theory Wheel */;
			targetProxy = 960DE5722523E84C003C724F /* PBXContainerItemProxy */;
		};
		960DE57E2523E84C003C724F /* PBXTargetDependency */ = {
			isa = PBXTargetDependency;
			target = 960DE55A2523E849003C724F /* Theory Wheel */;
			targetProxy = 960DE57D2523E84C003C724F /* PBXContainerItemProxy */;
		};
/* End PBXTargetDependency section */

/* Begin PBXVariantGroup section */
		960DE5692523E84C003C724F /* LaunchScreen.storyboard */ = {
			isa = PBXVariantGroup;
			children = (
				960DE56A2523E84C003C724F /* Base */,
			);
			name = LaunchScreen.storyboard;
			sourceTree = "<group>";
		};
/* End PBXVariantGroup section */

/* Begin XCBuildConfiguration section */
		960DE5832523E84C003C724F /* Debug */ = {
			isa = XCBuildConfiguration;
			buildSettings = {
				ALWAYS_SEARCH_USER_PATHS = NO;
				CLANG_ANALYZER_NONNULL = YES;
				CLANG_ANALYZER_NUMBER_OBJECT_CONVERSION = YES_AGGRESSIVE;
				CLANG_CXX_LANGUAGE_STANDARD = "gnu++14";
				CLANG_CXX_LIBRARY = "libc++";
				CLANG_ENABLE_MODULES = YES;
				CLANG_ENABLE_OBJC_ARC = YES;
				CLANG_ENABLE_OBJC_WEAK = YES;
				CLANG_WARN_BLOCK_CAPTURE_AUTORELEASING = YES;
				CLANG_WARN_BOOL_CONVERSION = YES;
				CLANG_WARN_COMMA = YES;
				CLANG_WARN_CONSTANT_CONVERSION = YES;
				CLANG_WARN_DEPRECATED_OBJC_IMPLEMENTATIONS = YES;
				CLANG_WARN_DIRECT_OBJC_ISA_USAGE = YES_ERROR;
				CLANG_WARN_DOCUMENTATION_COMMENTS = YES;
				CLANG_WARN_EMPTY_BODY = YES;
				CLANG_WARN_ENUM_CONVERSION = YES;
				CLANG_WARN_INFINITE_RECURSION = YES;
				CLANG_WARN_INT_CONVERSION = YES;
				CLANG_WARN_NON_LITERAL_NULL_CONVERSION = YES;
				CLANG_WARN_OBJC_IMPLICIT_RETAIN_SELF = YES;
				CLANG_WARN_OBJC_LITERAL_CONVERSION = YES;
				CLANG_WARN_OBJC_ROOT_CLASS = YES_ERROR;
				CLANG_WARN_QUOTED_INCLUDE_IN_FRAMEWORK_HEADER = YES;
				CLANG_WARN_RANGE_LOOP_ANALYSIS = YES;
				CLANG_WARN_STRICT_PROTOTYPES = YES;
				CLANG_WARN_SUSPICIOUS_MOVE = YES;
				CLANG_WARN_UNGUARDED_AVAILABILITY = YES_AGGRESSIVE;
				CLANG_WARN_UNREACHABLE_CODE = YES;
				CLANG_WARN__DUPLICATE_METHOD_MATCH = YES;
				COPY_PHASE_STRIP = NO;
				DEBUG_INFORMATION_FORMAT = dwarf;
				ENABLE_STRICT_OBJC_MSGSEND = YES;
				ENABLE_TESTABILITY = YES;
				GCC_C_LANGUAGE_STANDARD = gnu11;
				GCC_DYNAMIC_NO_PIC = NO;
				GCC_NO_COMMON_BLOCKS = YES;
				GCC_OPTIMIZATION_LEVEL = 0;
				GCC_PREPROCESSOR_DEFINITIONS = (
					"DEBUG=1",
					"$(inherited)",
				);
				GCC_WARN_64_TO_32_BIT_CONVERSION = YES;
				GCC_WARN_ABOUT_RETURN_TYPE = YES_ERROR;
				GCC_WARN_UNDECLARED_SELECTOR = YES;
				GCC_WARN_UNINITIALIZED_AUTOS = YES_AGGRESSIVE;
				GCC_WARN_UNUSED_FUNCTION = YES;
				GCC_WARN_UNUSED_VARIABLE = YES;
				IPHONEOS_DEPLOYMENT_TARGET = 14.0;
				MTL_ENABLE_DEBUG_INFO = INCLUDE_SOURCE;
				MTL_FAST_MATH = YES;
				ONLY_ACTIVE_ARCH = YES;
				SDKROOT = iphoneos;
				SWIFT_ACTIVE_COMPILATION_CONDITIONS = DEBUG;
				SWIFT_OPTIMIZATION_LEVEL = "-Onone";
			};
			name = Debug;
		};
		960DE5842523E84C003C724F /* Release */ = {
			isa = XCBuildConfiguration;
			buildSettings = {
				ALWAYS_SEARCH_USER_PATHS = NO;
				CLANG_ANALYZER_NONNULL = YES;
				CLANG_ANALYZER_NUMBER_OBJECT_CONVERSION = YES_AGGRESSIVE;
				CLANG_CXX_LANGUAGE_STANDARD = "gnu++14";
				CLANG_CXX_LIBRARY = "libc++";
				CLANG_ENABLE_MODULES = YES;
				CLANG_ENABLE_OBJC_ARC = YES;
				CLANG_ENABLE_OBJC_WEAK = YES;
				CLANG_WARN_BLOCK_CAPTURE_AUTORELEASING = YES;
				CLANG_WARN_BOOL_CONVERSION = YES;
				CLANG_WARN_COMMA = YES;
				CLANG_WARN_CONSTANT_CONVERSION = YES;
				CLANG_WARN_DEPRECATED_OBJC_IMPLEMENTATIONS = YES;
				CLANG_WARN_DIRECT_OBJC_ISA_USAGE = YES_ERROR;
				CLANG_WARN_DOCUMENTATION_COMMENTS = YES;
				CLANG_WARN_EMPTY_BODY = YES;
				CLANG_WARN_ENUM_CONVERSION = YES;
				CLANG_WARN_INFINITE_RECURSION = YES;
				CLANG_WARN_INT_CONVERSION = YES;
				CLANG_WARN_NON_LITERAL_NULL_CONVERSION = YES;
				CLANG_WARN_OBJC_IMPLICIT_RETAIN_SELF = YES;
				CLANG_WARN_OBJC_LITERAL_CONVERSION = YES;
				CLANG_WARN_OBJC_ROOT_CLASS = YES_ERROR;
				CLANG_WARN_QUOTED_INCLUDE_IN_FRAMEWORK_HEADER = YES;
				CLANG_WARN_RANGE_LOOP_ANALYSIS = YES;
				CLANG_WARN_STRICT_PROTOTYPES = YES;
				CLANG_WARN_SUSPICIOUS_MOVE = YES;
				CLANG_WARN_UNGUARDED_AVAILABILITY = YES_AGGRESSIVE;
				CLANG_WARN_UNREACHABLE_CODE = YES;
				CLANG_WARN__DUPLICATE_METHOD_MATCH = YES;
				COPY_PHASE_STRIP = NO;
				DEBUG_INFORMATION_FORMAT = "dwarf-with-dsym";
				ENABLE_NS_ASSERTIONS = NO;
				ENABLE_STRICT_OBJC_MSGSEND = YES;
				GCC_C_LANGUAGE_STANDARD = gnu11;
				GCC_NO_COMMON_BLOCKS = YES;
				GCC_WARN_64_TO_32_BIT_CONVERSION = YES;
				GCC_WARN_ABOUT_RETURN_TYPE = YES_ERROR;
				GCC_WARN_UNDECLARED_SELECTOR = YES;
				GCC_WARN_UNINITIALIZED_AUTOS = YES_AGGRESSIVE;
				GCC_WARN_UNUSED_FUNCTION = YES;
				GCC_WARN_UNUSED_VARIABLE = YES;
				IPHONEOS_DEPLOYMENT_TARGET = 14.0;
				MTL_ENABLE_DEBUG_INFO = NO;
				MTL_FAST_MATH = YES;
				SDKROOT = iphoneos;
				SWIFT_COMPILATION_MODE = wholemodule;
				SWIFT_OPTIMIZATION_LEVEL = "-O";
				VALIDATE_PRODUCT = YES;
			};
			name = Release;
		};
		960DE5862523E84C003C724F /* Debug */ = {
			isa = XCBuildConfiguration;
			buildSettings = {
				ASSETCATALOG_COMPILER_APPICON_NAME = AppIcon;
				ASSETCATALOG_COMPILER_GLOBAL_ACCENT_COLOR_NAME = AccentColor;
				CODE_SIGN_STYLE = Automatic;
				DEVELOPMENT_ASSET_PATHS = "\"Theory Wheel/Preview Content\"";
				DEVELOPMENT_TEAM = 28A7JVTRXB;
				ENABLE_PREVIEWS = YES;
				INFOPLIST_FILE = "Theory Wheel/Info.plist";
				LD_RUNPATH_SEARCH_PATHS = (
					"$(inherited)",
					"@executable_path/Frameworks",
				);
				PRODUCT_BUNDLE_IDENTIFIER = "com.euphorophonics.Theory-Wheel";
				PRODUCT_NAME = "$(TARGET_NAME)";
				SWIFT_VERSION = 5.0;
				TARGETED_DEVICE_FAMILY = "1,2";
			};
			name = Debug;
		};
		960DE5872523E84C003C724F /* Release */ = {
			isa = XCBuildConfiguration;
			buildSettings = {
				ASSETCATALOG_COMPILER_APPICON_NAME = AppIcon;
				ASSETCATALOG_COMPILER_GLOBAL_ACCENT_COLOR_NAME = AccentColor;
				CODE_SIGN_STYLE = Automatic;
				DEVELOPMENT_ASSET_PATHS = "\"Theory Wheel/Preview Content\"";
				DEVELOPMENT_TEAM = 28A7JVTRXB;
				ENABLE_PREVIEWS = YES;
				INFOPLIST_FILE = "Theory Wheel/Info.plist";
				LD_RUNPATH_SEARCH_PATHS = (
					"$(inherited)",
					"@executable_path/Frameworks",
				);
				PRODUCT_BUNDLE_IDENTIFIER = "com.euphorophonics.Theory-Wheel";
				PRODUCT_NAME = "$(TARGET_NAME)";
				SWIFT_VERSION = 5.0;
				TARGETED_DEVICE_FAMILY = "1,2";
			};
			name = Release;
		};
		960DE5892523E84C003C724F /* Debug */ = {
			isa = XCBuildConfiguration;
			buildSettings = {
				ALWAYS_EMBED_SWIFT_STANDARD_LIBRARIES = YES;
				BUNDLE_LOADER = "$(TEST_HOST)";
				CODE_SIGN_STYLE = Automatic;
				DEVELOPMENT_TEAM = 28A7JVTRXB;
				INFOPLIST_FILE = "Theory WheelTests/Info.plist";
				IPHONEOS_DEPLOYMENT_TARGET = 14.0;
				LD_RUNPATH_SEARCH_PATHS = (
					"$(inherited)",
					"@executable_path/Frameworks",
					"@loader_path/Frameworks",
				);
				PRODUCT_BUNDLE_IDENTIFIER = "com.euphorophonics.Theory-WheelTests";
				PRODUCT_NAME = "$(TARGET_NAME)";
				SWIFT_VERSION = 5.0;
				TARGETED_DEVICE_FAMILY = "1,2";
				TEST_HOST = "$(BUILT_PRODUCTS_DIR)/Theory Wheel.app/Theory Wheel";
			};
			name = Debug;
		};
		960DE58A2523E84C003C724F /* Release */ = {
			isa = XCBuildConfiguration;
			buildSettings = {
				ALWAYS_EMBED_SWIFT_STANDARD_LIBRARIES = YES;
				BUNDLE_LOADER = "$(TEST_HOST)";
				CODE_SIGN_STYLE = Automatic;
				DEVELOPMENT_TEAM = 28A7JVTRXB;
				INFOPLIST_FILE = "Theory WheelTests/Info.plist";
				IPHONEOS_DEPLOYMENT_TARGET = 14.0;
				LD_RUNPATH_SEARCH_PATHS = (
					"$(inherited)",
					"@executable_path/Frameworks",
					"@loader_path/Frameworks",
				);
				PRODUCT_BUNDLE_IDENTIFIER = "com.euphorophonics.Theory-WheelTests";
				PRODUCT_NAME = "$(TARGET_NAME)";
				SWIFT_VERSION = 5.0;
				TARGETED_DEVICE_FAMILY = "1,2";
				TEST_HOST = "$(BUILT_PRODUCTS_DIR)/Theory Wheel.app/Theory Wheel";
			};
			name = Release;
		};
		960DE58C2523E84C003C724F /* Debug */ = {
			isa = XCBuildConfiguration;
			buildSettings = {
				ALWAYS_EMBED_SWIFT_STANDARD_LIBRARIES = YES;
				CODE_SIGN_STYLE = Automatic;
				DEVELOPMENT_TEAM = 28A7JVTRXB;
				INFOPLIST_FILE = "Theory WheelUITests/Info.plist";
				LD_RUNPATH_SEARCH_PATHS = (
					"$(inherited)",
					"@executable_path/Frameworks",
					"@loader_path/Frameworks",
				);
				PRODUCT_BUNDLE_IDENTIFIER = "com.euphorophonics.Theory-WheelUITests";
				PRODUCT_NAME = "$(TARGET_NAME)";
				SWIFT_VERSION = 5.0;
				TARGETED_DEVICE_FAMILY = "1,2";
				TEST_TARGET_NAME = "Theory Wheel";
			};
			name = Debug;
		};
		960DE58D2523E84C003C724F /* Release */ = {
			isa = XCBuildConfiguration;
			buildSettings = {
				ALWAYS_EMBED_SWIFT_STANDARD_LIBRARIES = YES;
				CODE_SIGN_STYLE = Automatic;
				DEVELOPMENT_TEAM = 28A7JVTRXB;
				INFOPLIST_FILE = "Theory WheelUITests/Info.plist";
				LD_RUNPATH_SEARCH_PATHS = (
					"$(inherited)",
					"@executable_path/Frameworks",
					"@loader_path/Frameworks",
				);
				PRODUCT_BUNDLE_IDENTIFIER = "com.euphorophonics.Theory-WheelUITests";
				PRODUCT_NAME = "$(TARGET_NAME)";
				SWIFT_VERSION = 5.0;
				TARGETED_DEVICE_FAMILY = "1,2";
				TEST_TARGET_NAME = "Theory Wheel";
			};
			name = Release;
		};
/* End XCBuildConfiguration section */

/* Begin XCConfigurationList section */
		960DE5562523E849003C724F /* Build configuration list for PBXProject "Theory Wheel" */ = {
			isa = XCConfigurationList;
			buildConfigurations = (
				960DE5832523E84C003C724F /* Debug */,
				960DE5842523E84C003C724F /* Release */,
			);
			defaultConfigurationIsVisible = 0;
			defaultConfigurationName = Release;
		};
		960DE5852523E84C003C724F /* Build configuration list for PBXNativeTarget "Theory Wheel" */ = {
			isa = XCConfigurationList;
			buildConfigurations = (
				960DE5862523E84C003C724F /* Debug */,
				960DE5872523E84C003C724F /* Release */,
			);
			defaultConfigurationIsVisible = 0;
			defaultConfigurationName = Release;
		};
		960DE5882523E84C003C724F /* Build configuration list for PBXNativeTarget "Theory WheelTests" */ = {
			isa = XCConfigurationList;
			buildConfigurations = (
				960DE5892523E84C003C724F /* Debug */,
				960DE58A2523E84C003C724F /* Release */,
			);
			defaultConfigurationIsVisible = 0;
			defaultConfigurationName = Release;
		};
		960DE58B2523E84C003C724F /* Build configuration list for PBXNativeTarget "Theory WheelUITests" */ = {
			isa = XCConfigurationList;
			buildConfigurations = (
				960DE58C2523E84C003C724F /* Debug */,
				960DE58D2523E84C003C724F /* Release */,
			);
			defaultConfigurationIsVisible = 0;
			defaultConfigurationName = Release;
		};
/* End XCConfigurationList section */
	};
	rootObject = 960DE5532523E849003C724F /* Project object */;
}
