// !$*UTF8*$!
{
	archiveVersion = 1;
	classes = {
	};
	objectVersion = 50;
	objects = {

/* Begin PBXBuildFile section */
		960DE55F2523E84A003C724F /* AppDelegate.swift in Sources */ = {isa = PBXBuildFile; fileRef = 960DE55E2523E84A003C724F /* AppDelegate.swift */; };
		960DE5612523E84A003C724F /* SceneDelegate.swift in Sources */ = {isa = PBXBuildFile; fileRef = 960DE5602523E84A003C724F /* SceneDelegate.swift */; };
		960DE5632523E84A003C724F /* ContentView.swift in Sources */ = {isa = PBXBuildFile; fileRef = 960DE5622523E84A003C724F /* ContentView.swift */; };
		960DE5652523E84C003C724F /* Assets.xcassets in Resources */ = {isa = PBXBuildFile; fileRef = 960DE5642523E84C003C724F /* Assets.xcassets */; };
		960DE5682523E84C003C724F /* Preview Assets.xcassets in Resources */ = {isa = PBXBuildFile; fileRef = 960DE5672523E84C003C724F /* Preview Assets.xcassets */; };
		960DE56B2523E84C003C724F /* LaunchScreen.storyboard in Resources */ = {isa = PBXBuildFile; fileRef = 960DE5692523E84C003C724F /* LaunchScreen.storyboard */; };
		960DE5762523E84C003C724F /* MusicTheoryCheatTests.swift in Sources */ = {isa = PBXBuildFile; fileRef = 960DE5752523E84C003C724F /* MusicTheoryCheatTests.swift */; };
		960DE5812523E84C003C724F /* MusicTheoryCheatUITests.swift in Sources */ = {isa = PBXBuildFile; fileRef = 960DE5802523E84C003C724F /* MusicTheoryCheatUITests.swift */; };
		960DE5932523E878003C724F /* Functionality.swift in Sources */ = {isa = PBXBuildFile; fileRef = 960DE5922523E878003C724F /* Functionality.swift */; };
		966006E1252F8ADA0046024E /* KeyPickerViewModel.swift in Sources */ = {isa = PBXBuildFile; fileRef = 966006E0252F8ADA0046024E /* KeyPickerViewModel.swift */; };
		966006E92530BA680046024E /* OptionsViewModel.swift in Sources */ = {isa = PBXBuildFile; fileRef = 966006E82530BA680046024E /* OptionsViewModel.swift */; };
		966B8671252CE89B0026431C /* Constants.swift in Sources */ = {isa = PBXBuildFile; fileRef = 966B8670252CE89B0026431C /* Constants.swift */; };
		966B8679252CEBAC0026431C /* MusicEnums.swift in Sources */ = {isa = PBXBuildFile; fileRef = 966B8678252CEBAC0026431C /* MusicEnums.swift */; };
		966B8686252D11DA0026431C /* Key.swift in Sources */ = {isa = PBXBuildFile; fileRef = 966B8685252D11DA0026431C /* Key.swift */; };
		966B86B1252D2A2A0026431C /* OptionsView.swift in Sources */ = {isa = PBXBuildFile; fileRef = 966B86B0252D2A2A0026431C /* OptionsView.swift */; };
		966B86BC252D2EBC0026431C /* OptionsModel.swift in Sources */ = {isa = PBXBuildFile; fileRef = 966B86BB252D2EBC0026431C /* OptionsModel.swift */; };
		966B86CA252D3DAD0026431C /* MainViewModel.swift in Sources */ = {isa = PBXBuildFile; fileRef = 966B86C9252D3DAD0026431C /* MainViewModel.swift */; };
		966B86D7252D55F70026431C /* KeyPickerView.swift in Sources */ = {isa = PBXBuildFile; fileRef = 966B86D6252D55F70026431C /* KeyPickerView.swift */; };
		966B86E4252D5D390026431C /* ViewModel.swift in Sources */ = {isa = PBXBuildFile; fileRef = 966B8692252D1BB20026431C /* ViewModel.swift */; };
		966B86EC252D73260026431C /* MainView.swift in Sources */ = {isa = PBXBuildFile; fileRef = 966B86EB252D73260026431C /* MainView.swift */; };
/* End PBXBuildFile section */

/* Begin PBXContainerItemProxy section */
		960DE5722523E84C003C724F /* PBXContainerItemProxy */ = {
			isa = PBXContainerItemProxy;
			containerPortal = 960DE5532523E849003C724F /* Project object */;
			proxyType = 1;
			remoteGlobalIDString = 960DE55A2523E849003C724F;
			remoteInfo = "Theory Wheel";
		};
		960DE57D2523E84C003C724F /* PBXContainerItemProxy */ = {
			isa = PBXContainerItemProxy;
			containerPortal = 960DE5532523E849003C724F /* Project object */;
			proxyType = 1;
			remoteGlobalIDString = 960DE55A2523E849003C724F;
			remoteInfo = "Theory Wheel";
		};
/* End PBXContainerItemProxy section */

/* Begin PBXFileReference section */
		960DE55B2523E84A003C724F /* MusicTheoryCheat.app */ = {isa = PBXFileReference; explicitFileType = wrapper.application; includeInIndex = 0; path = MusicTheoryCheat.app; sourceTree = BUILT_PRODUCTS_DIR; };
		960DE55E2523E84A003C724F /* AppDelegate.swift */ = {isa = PBXFileReference; lastKnownFileType = sourcecode.swift; path = AppDelegate.swift; sourceTree = "<group>"; };
		960DE5602523E84A003C724F /* SceneDelegate.swift */ = {isa = PBXFileReference; lastKnownFileType = sourcecode.swift; path = SceneDelegate.swift; sourceTree = "<group>"; };
		960DE5622523E84A003C724F /* ContentView.swift */ = {isa = PBXFileReference; lastKnownFileType = sourcecode.swift; path = ContentView.swift; sourceTree = "<group>"; };
		960DE5642523E84C003C724F /* Assets.xcassets */ = {isa = PBXFileReference; lastKnownFileType = folder.assetcatalog; path = Assets.xcassets; sourceTree = "<group>"; };
		960DE5672523E84C003C724F /* Preview Assets.xcassets */ = {isa = PBXFileReference; lastKnownFileType = folder.assetcatalog; path = "Preview Assets.xcassets"; sourceTree = "<group>"; };
		960DE56A2523E84C003C724F /* Base */ = {isa = PBXFileReference; lastKnownFileType = file.storyboard; name = Base; path = Base.lproj/LaunchScreen.storyboard; sourceTree = "<group>"; };
		960DE56C2523E84C003C724F /* Info.plist */ = {isa = PBXFileReference; lastKnownFileType = text.plist.xml; path = Info.plist; sourceTree = "<group>"; };
		960DE5712523E84C003C724F /* MusicTheoryCheatTests.xctest */ = {isa = PBXFileReference; explicitFileType = wrapper.cfbundle; includeInIndex = 0; path = MusicTheoryCheatTests.xctest; sourceTree = BUILT_PRODUCTS_DIR; };
		960DE5752523E84C003C724F /* MusicTheoryCheatTests.swift */ = {isa = PBXFileReference; lastKnownFileType = sourcecode.swift; path = MusicTheoryCheatTests.swift; sourceTree = "<group>"; };
		960DE5772523E84C003C724F /* Info.plist */ = {isa = PBXFileReference; lastKnownFileType = text.plist.xml; path = Info.plist; sourceTree = "<group>"; };
		960DE57C2523E84C003C724F /* MusicTheoryCheatUITests.xctest */ = {isa = PBXFileReference; explicitFileType = wrapper.cfbundle; includeInIndex = 0; path = MusicTheoryCheatUITests.xctest; sourceTree = BUILT_PRODUCTS_DIR; };
		960DE5802523E84C003C724F /* MusicTheoryCheatUITests.swift */ = {isa = PBXFileReference; lastKnownFileType = sourcecode.swift; path = MusicTheoryCheatUITests.swift; sourceTree = "<group>"; };
		960DE5822523E84C003C724F /* Info.plist */ = {isa = PBXFileReference; lastKnownFileType = text.plist.xml; path = Info.plist; sourceTree = "<group>"; };
		960DE5922523E878003C724F /* Functionality.swift */ = {isa = PBXFileReference; lastKnownFileType = sourcecode.swift; path = Functionality.swift; sourceTree = "<group>"; };
		966006E0252F8ADA0046024E /* KeyPickerViewModel.swift */ = {isa = PBXFileReference; lastKnownFileType = sourcecode.swift; path = KeyPickerViewModel.swift; sourceTree = "<group>"; };
		966006E82530BA680046024E /* OptionsViewModel.swift */ = {isa = PBXFileReference; lastKnownFileType = sourcecode.swift; path = OptionsViewModel.swift; sourceTree = "<group>"; };
		966B8670252CE89B0026431C /* Constants.swift */ = {isa = PBXFileReference; lastKnownFileType = sourcecode.swift; path = Constants.swift; sourceTree = SOURCE_ROOT; };
		966B8678252CEBAC0026431C /* MusicEnums.swift */ = {isa = PBXFileReference; lastKnownFileType = sourcecode.swift; path = MusicEnums.swift; sourceTree = "<group>"; };
		966B8685252D11DA0026431C /* Key.swift */ = {isa = PBXFileReference; lastKnownFileType = sourcecode.swift; path = Key.swift; sourceTree = "<group>"; };
		966B8692252D1BB20026431C /* ViewModel.swift */ = {isa = PBXFileReference; lastKnownFileType = sourcecode.swift; path = ViewModel.swift; sourceTree = "<group>"; };
		966B86B0252D2A2A0026431C /* OptionsView.swift */ = {isa = PBXFileReference; lastKnownFileType = sourcecode.swift; path = OptionsView.swift; sourceTree = "<group>"; };
		966B86BB252D2EBC0026431C /* OptionsModel.swift */ = {isa = PBXFileReference; lastKnownFileType = sourcecode.swift; path = OptionsModel.swift; sourceTree = "<group>"; };
		966B86C9252D3DAD0026431C /* MainViewModel.swift */ = {isa = PBXFileReference; lastKnownFileType = sourcecode.swift; path = MainViewModel.swift; sourceTree = "<group>"; };
		966B86D6252D55F70026431C /* KeyPickerView.swift */ = {isa = PBXFileReference; lastKnownFileType = sourcecode.swift; path = KeyPickerView.swift; sourceTree = "<group>"; };
		966B86EB252D73260026431C /* MainView.swift */ = {isa = PBXFileReference; lastKnownFileType = sourcecode.swift; path = MainView.swift; sourceTree = "<group>"; };
/* End PBXFileReference section */

/* Begin PBXFrameworksBuildPhase section */
		960DE5582523E849003C724F /* Frameworks */ = {
			isa = PBXFrameworksBuildPhase;
			buildActionMask = 2147483647;
			files = (
			);
			runOnlyForDeploymentPostprocessing = 0;
		};
		960DE56E2523E84C003C724F /* Frameworks */ = {
			isa = PBXFrameworksBuildPhase;
			buildActionMask = 2147483647;
			files = (
			);
			runOnlyForDeploymentPostprocessing = 0;
		};
		960DE5792523E84C003C724F /* Frameworks */ = {
			isa = PBXFrameworksBuildPhase;
			buildActionMask = 2147483647;
			files = (
			);
			runOnlyForDeploymentPostprocessing = 0;
		};
/* End PBXFrameworksBuildPhase section */

/* Begin PBXGroup section */
		960DE5522523E849003C724F = {
			isa = PBXGroup;
			children = (
				960DE55D2523E84A003C724F /* MusicTheoryCheat */,
				960DE5742523E84C003C724F /* MusicTheoryCheatTests */,
				960DE57F2523E84C003C724F /* MusicTheoryCheatUITests */,
				960DE55C2523E84A003C724F /* Products */,
			);
			sourceTree = "<group>";
		};
		960DE55C2523E84A003C724F /* Products */ = {
			isa = PBXGroup;
			children = (
				960DE55B2523E84A003C724F /* MusicTheoryCheat.app */,
				960DE5712523E84C003C724F /* MusicTheoryCheatTests.xctest */,
				960DE57C2523E84C003C724F /* MusicTheoryCheatUITests.xctest */,
			);
			name = Products;
			sourceTree = "<group>";
		};
		960DE55D2523E84A003C724F /* MusicTheoryCheat */ = {
			isa = PBXGroup;
			children = (
				960DE55E2523E84A003C724F /* AppDelegate.swift */,
				960DE5602523E84A003C724F /* SceneDelegate.swift */,
				966B866D252CE8230026431C /* Model */,
				966B866E252CE82C0026431C /* ViewModel */,
				966B866F252CE8360026431C /* View */,
				960DE5912523E864003C724F /* Notes */,
				960DE5642523E84C003C724F /* Assets.xcassets */,
				960DE5692523E84C003C724F /* LaunchScreen.storyboard */,
				960DE56C2523E84C003C724F /* Info.plist */,
				960DE5662523E84C003C724F /* Preview Content */,
			);
			path = MusicTheoryCheat;
			sourceTree = "<group>";
		};
		960DE5662523E84C003C724F /* Preview Content */ = {
			isa = PBXGroup;
			children = (
				960DE5672523E84C003C724F /* Preview Assets.xcassets */,
			);
			path = "Preview Content";
			sourceTree = "<group>";
		};
		960DE5742523E84C003C724F /* MusicTheoryCheatTests */ = {
			isa = PBXGroup;
			children = (
				960DE5752523E84C003C724F /* MusicTheoryCheatTests.swift */,
				960DE5772523E84C003C724F /* Info.plist */,
			);
			path = MusicTheoryCheatTests;
			sourceTree = "<group>";
		};
		960DE57F2523E84C003C724F /* MusicTheoryCheatUITests */ = {
			isa = PBXGroup;
			children = (
				960DE5802523E84C003C724F /* MusicTheoryCheatUITests.swift */,
				960DE5822523E84C003C724F /* Info.plist */,
			);
			path = MusicTheoryCheatUITests;
			sourceTree = "<group>";
		};
		960DE5912523E864003C724F /* Notes */ = {
			isa = PBXGroup;
			children = (
				960DE5922523E878003C724F /* Functionality.swift */,
			);
			path = Notes;
			sourceTree = "<group>";
		};
		966B866D252CE8230026431C /* Model */ = {
			isa = PBXGroup;
			children = (
				966B8670252CE89B0026431C /* Constants.swift */,
				966B8678252CEBAC0026431C /* MusicEnums.swift */,
				966B8685252D11DA0026431C /* Key.swift */,
				966B86BB252D2EBC0026431C /* OptionsModel.swift */,
			);
			path = Model;
			sourceTree = "<group>";
		};
		966B866E252CE82C0026431C /* ViewModel */ = {
			isa = PBXGroup;
			children = (
				966B8692252D1BB20026431C /* ViewModel.swift */,
				966B86A4252D28680026431C /* MainViewModel */,
				966B86A5252D288B0026431C /* OptionsViewModel */,
			);
			path = ViewModel;
			sourceTree = "<group>";
		};
		966B866F252CE8360026431C /* View */ = {
			isa = PBXGroup;
			children = (
				960DE5622523E84A003C724F /* ContentView.swift */,
				966B86AE252D2A020026431C /* Main */,
				966B86AF252D2A090026431C /* Options */,
			);
			path = View;
			sourceTree = "<group>";
		};
		966B86A4252D28680026431C /* MainViewModel */ = {
			isa = PBXGroup;
			children = (
				966B86C9252D3DAD0026431C /* MainViewModel.swift */,
				966006E0252F8ADA0046024E /* KeyPickerViewModel.swift */,
			);
			path = MainViewModel;
			sourceTree = "<group>";
		};
		966B86A5252D288B0026431C /* OptionsViewModel */ = {
			isa = PBXGroup;
			children = (
				966006E82530BA680046024E /* OptionsViewModel.swift */,
			);
			path = OptionsViewModel;
			sourceTree = "<group>";
		};
		966B86AE252D2A020026431C /* Main */ = {
			isa = PBXGroup;
			children = (
				966B86EB252D73260026431C /* MainView.swift */,
				966B86D6252D55F70026431C /* KeyPickerView.swift */,
			);
			path = Main;
			sourceTree = "<group>";
		};
		966B86AF252D2A090026431C /* Options */ = {
			isa = PBXGroup;
			children = (
				966B86B0252D2A2A0026431C /* OptionsView.swift */,
			);
			path = Options;
			sourceTree = "<group>";
		};
/* End PBXGroup section */

/* Begin PBXNativeTarget section */
		960DE55A2523E849003C724F /* MusicTheoryCheat */ = {
			isa = PBXNativeTarget;
			buildConfigurationList = 960DE5852523E84C003C724F /* Build configuration list for PBXNativeTarget "MusicTheoryCheat" */;
			buildPhases = (
				960DE5572523E849003C724F /* Sources */,
				960DE5582523E849003C724F /* Frameworks */,
				960DE5592523E849003C724F /* Resources */,
			);
			buildRules = (
			);
			dependencies = (
			);
			name = MusicTheoryCheat;
			productName = "Theory Wheel";
			productReference = 960DE55B2523E84A003C724F /* MusicTheoryCheat.app */;
			productType = "com.apple.product-type.application";
		};
		960DE5702523E84C003C724F /* MusicTheoryCheatTests */ = {
			isa = PBXNativeTarget;
			buildConfigurationList = 960DE5882523E84C003C724F /* Build configuration list for PBXNativeTarget "MusicTheoryCheatTests" */;
			buildPhases = (
				960DE56D2523E84C003C724F /* Sources */,
				960DE56E2523E84C003C724F /* Frameworks */,
				960DE56F2523E84C003C724F /* Resources */,
			);
			buildRules = (
			);
			dependencies = (
				960DE5732523E84C003C724F /* PBXTargetDependency */,
			);
			name = MusicTheoryCheatTests;
			productName = "Theory WheelTests";
			productReference = 960DE5712523E84C003C724F /* MusicTheoryCheatTests.xctest */;
			productType = "com.apple.product-type.bundle.unit-test";
		};
		960DE57B2523E84C003C724F /* MusicTheoryCheatUITests */ = {
			isa = PBXNativeTarget;
			buildConfigurationList = 960DE58B2523E84C003C724F /* Build configuration list for PBXNativeTarget "MusicTheoryCheatUITests" */;
			buildPhases = (
				960DE5782523E84C003C724F /* Sources */,
				960DE5792523E84C003C724F /* Frameworks */,
				960DE57A2523E84C003C724F /* Resources */,
			);
			buildRules = (
			);
			dependencies = (
				960DE57E2523E84C003C724F /* PBXTargetDependency */,
			);
			name = MusicTheoryCheatUITests;
			productName = "Theory WheelUITests";
			productReference = 960DE57C2523E84C003C724F /* MusicTheoryCheatUITests.xctest */;
			productType = "com.apple.product-type.bundle.ui-testing";
		};
/* End PBXNativeTarget section */

/* Begin PBXProject section */
		960DE5532523E849003C724F /* Project object */ = {
			isa = PBXProject;
			attributes = {
				LastSwiftUpdateCheck = 1200;
				LastUpgradeCheck = 1200;
				TargetAttributes = {
					960DE55A2523E849003C724F = {
						CreatedOnToolsVersion = 12.0.1;
					};
					960DE5702523E84C003C724F = {
						CreatedOnToolsVersion = 12.0.1;
						TestTargetID = 960DE55A2523E849003C724F;
					};
					960DE57B2523E84C003C724F = {
						CreatedOnToolsVersion = 12.0.1;
						TestTargetID = 960DE55A2523E849003C724F;
					};
				};
			};
			buildConfigurationList = 960DE5562523E849003C724F /* Build configuration list for PBXProject "MusicTheoryCheat" */;
			compatibilityVersion = "Xcode 9.3";
			developmentRegion = en;
			hasScannedForEncodings = 0;
			knownRegions = (
				en,
				Base,
			);
			mainGroup = 960DE5522523E849003C724F;
			productRefGroup = 960DE55C2523E84A003C724F /* Products */;
			projectDirPath = "";
			projectRoot = "";
			targets = (
				960DE55A2523E849003C724F /* MusicTheoryCheat */,
				960DE5702523E84C003C724F /* MusicTheoryCheatTests */,
				960DE57B2523E84C003C724F /* MusicTheoryCheatUITests */,
			);
		};
/* End PBXProject section */

/* Begin PBXResourcesBuildPhase section */
		960DE5592523E849003C724F /* Resources */ = {
			isa = PBXResourcesBuildPhase;
			buildActionMask = 2147483647;
			files = (
				960DE56B2523E84C003C724F /* LaunchScreen.storyboard in Resources */,
				960DE5682523E84C003C724F /* Preview Assets.xcassets in Resources */,
				960DE5652523E84C003C724F /* Assets.xcassets in Resources */,
			);
			runOnlyForDeploymentPostprocessing = 0;
		};
		960DE56F2523E84C003C724F /* Resources */ = {
			isa = PBXResourcesBuildPhase;
			buildActionMask = 2147483647;
			files = (
			);
			runOnlyForDeploymentPostprocessing = 0;
		};
		960DE57A2523E84C003C724F /* Resources */ = {
			isa = PBXResourcesBuildPhase;
			buildActionMask = 2147483647;
			files = (
			);
			runOnlyForDeploymentPostprocessing = 0;
		};
/* End PBXResourcesBuildPhase section */

/* Begin PBXSourcesBuildPhase section */
		960DE5572523E849003C724F /* Sources */ = {
			isa = PBXSourcesBuildPhase;
			buildActionMask = 2147483647;
			files = (
				966B86BC252D2EBC0026431C /* OptionsModel.swift in Sources */,
				966B86EC252D73260026431C /* MainView.swift in Sources */,
				966B86E4252D5D390026431C /* ViewModel.swift in Sources */,
				966B8686252D11DA0026431C /* Key.swift in Sources */,
				966006E1252F8ADA0046024E /* KeyPickerViewModel.swift in Sources */,
				966B8671252CE89B0026431C /* Constants.swift in Sources */,
				960DE55F2523E84A003C724F /* AppDelegate.swift in Sources */,
				966006E92530BA680046024E /* OptionsViewModel.swift in Sources */,
				966B86B1252D2A2A0026431C /* OptionsView.swift in Sources */,
				960DE5612523E84A003C724F /* SceneDelegate.swift in Sources */,
				960DE5632523E84A003C724F /* ContentView.swift in Sources */,
				966B8679252CEBAC0026431C /* MusicEnums.swift in Sources */,
				966B86D7252D55F70026431C /* KeyPickerView.swift in Sources */,
				960DE5932523E878003C724F /* Functionality.swift in Sources */,
				966B86CA252D3DAD0026431C /* MainViewModel.swift in Sources */,
			);
			runOnlyForDeploymentPostprocessing = 0;
		};
		960DE56D2523E84C003C724F /* Sources */ = {
			isa = PBXSourcesBuildPhase;
			buildActionMask = 2147483647;
			files = (
				960DE5762523E84C003C724F /* MusicTheoryCheatTests.swift in Sources */,
			);
			runOnlyForDeploymentPostprocessing = 0;
		};
		960DE5782523E84C003C724F /* Sources */ = {
			isa = PBXSourcesBuildPhase;
			buildActionMask = 2147483647;
			files = (
				960DE5812523E84C003C724F /* MusicTheoryCheatUITests.swift in Sources */,
			);
			runOnlyForDeploymentPostprocessing = 0;
		};
/* End PBXSourcesBuildPhase section */

/* Begin PBXTargetDependency section */
		960DE5732523E84C003C724F /* PBXTargetDependency */ = {
			isa = PBXTargetDependency;
			target = 960DE55A2523E849003C724F /* MusicTheoryCheat */;
			targetProxy = 960DE5722523E84C003C724F /* PBXContainerItemProxy */;
		};
		960DE57E2523E84C003C724F /* PBXTargetDependency */ = {
			isa = PBXTargetDependency;
			target = 960DE55A2523E849003C724F /* MusicTheoryCheat */;
			targetProxy = 960DE57D2523E84C003C724F /* PBXContainerItemProxy */;
		};
/* End PBXTargetDependency section */

/* Begin PBXVariantGroup section */
		960DE5692523E84C003C724F /* LaunchScreen.storyboard */ = {
			isa = PBXVariantGroup;
			children = (
				960DE56A2523E84C003C724F /* Base */,
			);
			name = LaunchScreen.storyboard;
			sourceTree = "<group>";
		};
/* End PBXVariantGroup section */

/* Begin XCBuildConfiguration section */
		960DE5832523E84C003C724F /* Debug */ = {
			isa = XCBuildConfiguration;
			buildSettings = {
				ALWAYS_SEARCH_USER_PATHS = NO;
				CLANG_ANALYZER_NONNULL = YES;
				CLANG_ANALYZER_NUMBER_OBJECT_CONVERSION = YES_AGGRESSIVE;
				CLANG_CXX_LANGUAGE_STANDARD = "gnu++14";
				CLANG_CXX_LIBRARY = "libc++";
				CLANG_ENABLE_MODULES = YES;
				CLANG_ENABLE_OBJC_ARC = YES;
				CLANG_ENABLE_OBJC_WEAK = YES;
				CLANG_WARN_BLOCK_CAPTURE_AUTORELEASING = YES;
				CLANG_WARN_BOOL_CONVERSION = YES;
				CLANG_WARN_COMMA = YES;
				CLANG_WARN_CONSTANT_CONVERSION = YES;
				CLANG_WARN_DEPRECATED_OBJC_IMPLEMENTATIONS = YES;
				CLANG_WARN_DIRECT_OBJC_ISA_USAGE = YES_ERROR;
				CLANG_WARN_DOCUMENTATION_COMMENTS = YES;
				CLANG_WARN_EMPTY_BODY = YES;
				CLANG_WARN_ENUM_CONVERSION = YES;
				CLANG_WARN_INFINITE_RECURSION = YES;
				CLANG_WARN_INT_CONVERSION = YES;
				CLANG_WARN_NON_LITERAL_NULL_CONVERSION = YES;
				CLANG_WARN_OBJC_IMPLICIT_RETAIN_SELF = YES;
				CLANG_WARN_OBJC_LITERAL_CONVERSION = YES;
				CLANG_WARN_OBJC_ROOT_CLASS = YES_ERROR;
				CLANG_WARN_QUOTED_INCLUDE_IN_FRAMEWORK_HEADER = YES;
				CLANG_WARN_RANGE_LOOP_ANALYSIS = YES;
				CLANG_WARN_STRICT_PROTOTYPES = YES;
				CLANG_WARN_SUSPICIOUS_MOVE = YES;
				CLANG_WARN_UNGUARDED_AVAILABILITY = YES_AGGRESSIVE;
				CLANG_WARN_UNREACHABLE_CODE = YES;
				CLANG_WARN__DUPLICATE_METHOD_MATCH = YES;
				COPY_PHASE_STRIP = NO;
				DEBUG_INFORMATION_FORMAT = dwarf;
				ENABLE_STRICT_OBJC_MSGSEND = YES;
				ENABLE_TESTABILITY = YES;
				GCC_C_LANGUAGE_STANDARD = gnu11;
				GCC_DYNAMIC_NO_PIC = NO;
				GCC_NO_COMMON_BLOCKS = YES;
				GCC_OPTIMIZATION_LEVEL = 0;
				GCC_PREPROCESSOR_DEFINITIONS = (
					"DEBUG=1",
					"$(inherited)",
				);
				GCC_WARN_64_TO_32_BIT_CONVERSION = YES;
				GCC_WARN_ABOUT_RETURN_TYPE = YES_ERROR;
				GCC_WARN_UNDECLARED_SELECTOR = YES;
				GCC_WARN_UNINITIALIZED_AUTOS = YES_AGGRESSIVE;
				GCC_WARN_UNUSED_FUNCTION = YES;
				GCC_WARN_UNUSED_VARIABLE = YES;
				IPHONEOS_DEPLOYMENT_TARGET = 14.0;
				MTL_ENABLE_DEBUG_INFO = INCLUDE_SOURCE;
				MTL_FAST_MATH = YES;
				ONLY_ACTIVE_ARCH = YES;
				SDKROOT = iphoneos;
				SWIFT_ACTIVE_COMPILATION_CONDITIONS = DEBUG;
				SWIFT_OPTIMIZATION_LEVEL = "-Onone";
			};
			name = Debug;
		};
		960DE5842523E84C003C724F /* Release */ = {
			isa = XCBuildConfiguration;
			buildSettings = {
				ALWAYS_SEARCH_USER_PATHS = NO;
				CLANG_ANALYZER_NONNULL = YES;
				CLANG_ANALYZER_NUMBER_OBJECT_CONVERSION = YES_AGGRESSIVE;
				CLANG_CXX_LANGUAGE_STANDARD = "gnu++14";
				CLANG_CXX_LIBRARY = "libc++";
				CLANG_ENABLE_MODULES = YES;
				CLANG_ENABLE_OBJC_ARC = YES;
				CLANG_ENABLE_OBJC_WEAK = YES;
				CLANG_WARN_BLOCK_CAPTURE_AUTORELEASING = YES;
				CLANG_WARN_BOOL_CONVERSION = YES;
				CLANG_WARN_COMMA = YES;
				CLANG_WARN_CONSTANT_CONVERSION = YES;
				CLANG_WARN_DEPRECATED_OBJC_IMPLEMENTATIONS = YES;
				CLANG_WARN_DIRECT_OBJC_ISA_USAGE = YES_ERROR;
				CLANG_WARN_DOCUMENTATION_COMMENTS = YES;
				CLANG_WARN_EMPTY_BODY = YES;
				CLANG_WARN_ENUM_CONVERSION = YES;
				CLANG_WARN_INFINITE_RECURSION = YES;
				CLANG_WARN_INT_CONVERSION = YES;
				CLANG_WARN_NON_LITERAL_NULL_CONVERSION = YES;
				CLANG_WARN_OBJC_IMPLICIT_RETAIN_SELF = YES;
				CLANG_WARN_OBJC_LITERAL_CONVERSION = YES;
				CLANG_WARN_OBJC_ROOT_CLASS = YES_ERROR;
				CLANG_WARN_QUOTED_INCLUDE_IN_FRAMEWORK_HEADER = YES;
				CLANG_WARN_RANGE_LOOP_ANALYSIS = YES;
				CLANG_WARN_STRICT_PROTOTYPES = YES;
				CLANG_WARN_SUSPICIOUS_MOVE = YES;
				CLANG_WARN_UNGUARDED_AVAILABILITY = YES_AGGRESSIVE;
				CLANG_WARN_UNREACHABLE_CODE = YES;
				CLANG_WARN__DUPLICATE_METHOD_MATCH = YES;
				COPY_PHASE_STRIP = NO;
				DEBUG_INFORMATION_FORMAT = "dwarf-with-dsym";
				ENABLE_NS_ASSERTIONS = NO;
				ENABLE_STRICT_OBJC_MSGSEND = YES;
				GCC_C_LANGUAGE_STANDARD = gnu11;
				GCC_NO_COMMON_BLOCKS = YES;
				GCC_WARN_64_TO_32_BIT_CONVERSION = YES;
				GCC_WARN_ABOUT_RETURN_TYPE = YES_ERROR;
				GCC_WARN_UNDECLARED_SELECTOR = YES;
				GCC_WARN_UNINITIALIZED_AUTOS = YES_AGGRESSIVE;
				GCC_WARN_UNUSED_FUNCTION = YES;
				GCC_WARN_UNUSED_VARIABLE = YES;
				IPHONEOS_DEPLOYMENT_TARGET = 14.0;
				MTL_ENABLE_DEBUG_INFO = NO;
				MTL_FAST_MATH = YES;
				SDKROOT = iphoneos;
				SWIFT_COMPILATION_MODE = wholemodule;
				SWIFT_OPTIMIZATION_LEVEL = "-O";
				VALIDATE_PRODUCT = YES;
			};
			name = Release;
		};
		960DE5862523E84C003C724F /* Debug */ = {
			isa = XCBuildConfiguration;
			buildSettings = {
				ASSETCATALOG_COMPILER_APPICON_NAME = AppIcon;
				ASSETCATALOG_COMPILER_GLOBAL_ACCENT_COLOR_NAME = AccentColor;
				CODE_SIGN_STYLE = Automatic;
				DEVELOPMENT_ASSET_PATHS = "\"MusicTheoryCheat/Preview Content\"";
				DEVELOPMENT_TEAM = 28A7JVTRXB;
				ENABLE_PREVIEWS = YES;
				INFOPLIST_FILE = "$(SRCROOT)/MusicTheoryCheat/Info.plist";
				LD_RUNPATH_SEARCH_PATHS = (
					"$(inherited)",
					"@executable_path/Frameworks",
				);
				PRODUCT_BUNDLE_IDENTIFIER = "com.euphorophonics.Theory-Wheel";
				PRODUCT_NAME = "$(TARGET_NAME)";
				SWIFT_VERSION = 5.0;
				TARGETED_DEVICE_FAMILY = "1,2";
			};
			name = Debug;
		};
		960DE5872523E84C003C724F /* Release */ = {
			isa = XCBuildConfiguration;
			buildSettings = {
				ASSETCATALOG_COMPILER_APPICON_NAME = AppIcon;
				ASSETCATALOG_COMPILER_GLOBAL_ACCENT_COLOR_NAME = AccentColor;
				CODE_SIGN_STYLE = Automatic;
				DEVELOPMENT_ASSET_PATHS = "\"MusicTheoryCheat/Preview Content\"";
				DEVELOPMENT_TEAM = 28A7JVTRXB;
				ENABLE_PREVIEWS = YES;
				INFOPLIST_FILE = "$(SRCROOT)/MusicTheoryCheat/Info.plist";
				LD_RUNPATH_SEARCH_PATHS = (
					"$(inherited)",
					"@executable_path/Frameworks",
				);
				PRODUCT_BUNDLE_IDENTIFIER = "com.euphorophonics.Theory-Wheel";
				PRODUCT_NAME = "$(TARGET_NAME)";
				SWIFT_VERSION = 5.0;
				TARGETED_DEVICE_FAMILY = "1,2";
			};
			name = Release;
		};
		960DE5892523E84C003C724F /* Debug */ = {
			isa = XCBuildConfiguration;
			buildSettings = {
				ALWAYS_EMBED_SWIFT_STANDARD_LIBRARIES = YES;
				BUNDLE_LOADER = "$(TEST_HOST)";
				CODE_SIGN_STYLE = Automatic;
				DEVELOPMENT_TEAM = 28A7JVTRXB;
				INFOPLIST_FILE = MusicTheoryCheatTests/Info.plist;
				IPHONEOS_DEPLOYMENT_TARGET = 14.0;
				LD_RUNPATH_SEARCH_PATHS = (
					"$(inherited)",
					"@executable_path/Frameworks",
					"@loader_path/Frameworks",
				);
				PRODUCT_BUNDLE_IDENTIFIER = "com.euphorophonics.Theory-WheelTests";
				PRODUCT_NAME = "$(TARGET_NAME)";
				SWIFT_VERSION = 5.0;
				TARGETED_DEVICE_FAMILY = "1,2";
				TEST_HOST = "$(BUILT_PRODUCTS_DIR)/MusicTheoryCheat.app/MusicTheoryCheat";
			};
			name = Debug;
		};
		960DE58A2523E84C003C724F /* Release */ = {
			isa = XCBuildConfiguration;
			buildSettings = {
				ALWAYS_EMBED_SWIFT_STANDARD_LIBRARIES = YES;
				BUNDLE_LOADER = "$(TEST_HOST)";
				CODE_SIGN_STYLE = Automatic;
				DEVELOPMENT_TEAM = 28A7JVTRXB;
				INFOPLIST_FILE = MusicTheoryCheatTests/Info.plist;
				IPHONEOS_DEPLOYMENT_TARGET = 14.0;
				LD_RUNPATH_SEARCH_PATHS = (
					"$(inherited)",
					"@executable_path/Frameworks",
					"@loader_path/Frameworks",
				);
				PRODUCT_BUNDLE_IDENTIFIER = "com.euphorophonics.Theory-WheelTests";
				PRODUCT_NAME = "$(TARGET_NAME)";
				SWIFT_VERSION = 5.0;
				TARGETED_DEVICE_FAMILY = "1,2";
				TEST_HOST = "$(BUILT_PRODUCTS_DIR)/MusicTheoryCheat.app/MusicTheoryCheat";
			};
			name = Release;
		};
		960DE58C2523E84C003C724F /* Debug */ = {
			isa = XCBuildConfiguration;
			buildSettings = {
				ALWAYS_EMBED_SWIFT_STANDARD_LIBRARIES = YES;
				CODE_SIGN_STYLE = Automatic;
				DEVELOPMENT_TEAM = 28A7JVTRXB;
				INFOPLIST_FILE = MusicTheoryCheatUITests/Info.plist;
				LD_RUNPATH_SEARCH_PATHS = (
					"$(inherited)",
					"@executable_path/Frameworks",
					"@loader_path/Frameworks",
				);
				PRODUCT_BUNDLE_IDENTIFIER = "com.euphorophonics.Theory-WheelUITests";
				PRODUCT_NAME = "$(TARGET_NAME)";
				SWIFT_VERSION = 5.0;
				TARGETED_DEVICE_FAMILY = "1,2";
				TEST_TARGET_NAME = "Theory Wheel";
			};
			name = Debug;
		};
		960DE58D2523E84C003C724F /* Release */ = {
			isa = XCBuildConfiguration;
			buildSettings = {
				ALWAYS_EMBED_SWIFT_STANDARD_LIBRARIES = YES;
				CODE_SIGN_STYLE = Automatic;
				DEVELOPMENT_TEAM = 28A7JVTRXB;
				INFOPLIST_FILE = MusicTheoryCheatUITests/Info.plist;
				LD_RUNPATH_SEARCH_PATHS = (
					"$(inherited)",
					"@executable_path/Frameworks",
					"@loader_path/Frameworks",
				);
				PRODUCT_BUNDLE_IDENTIFIER = "com.euphorophonics.Theory-WheelUITests";
				PRODUCT_NAME = "$(TARGET_NAME)";
				SWIFT_VERSION = 5.0;
				TARGETED_DEVICE_FAMILY = "1,2";
				TEST_TARGET_NAME = "Theory Wheel";
			};
			name = Release;
		};
/* End XCBuildConfiguration section */

/* Begin XCConfigurationList section */
		960DE5562523E849003C724F /* Build configuration list for PBXProject "MusicTheoryCheat" */ = {
			isa = XCConfigurationList;
			buildConfigurations = (
				960DE5832523E84C003C724F /* Debug */,
				960DE5842523E84C003C724F /* Release */,
			);
			defaultConfigurationIsVisible = 0;
			defaultConfigurationName = Release;
		};
		960DE5852523E84C003C724F /* Build configuration list for PBXNativeTarget "MusicTheoryCheat" */ = {
			isa = XCConfigurationList;
			buildConfigurations = (
				960DE5862523E84C003C724F /* Debug */,
				960DE5872523E84C003C724F /* Release */,
			);
			defaultConfigurationIsVisible = 0;
			defaultConfigurationName = Release;
		};
		960DE5882523E84C003C724F /* Build configuration list for PBXNativeTarget "MusicTheoryCheatTests" */ = {
			isa = XCConfigurationList;
			buildConfigurations = (
				960DE5892523E84C003C724F /* Debug */,
				960DE58A2523E84C003C724F /* Release */,
			);
			defaultConfigurationIsVisible = 0;
			defaultConfigurationName = Release;
		};
		960DE58B2523E84C003C724F /* Build configuration list for PBXNativeTarget "MusicTheoryCheatUITests" */ = {
			isa = XCConfigurationList;
			buildConfigurations = (
				960DE58C2523E84C003C724F /* Debug */,
				960DE58D2523E84C003C724F /* Release */,
			);
			defaultConfigurationIsVisible = 0;
			defaultConfigurationName = Release;
		};
/* End XCConfigurationList section */
	};
	rootObject = 960DE5532523E849003C724F /* Project object */;
}
